
Microsoft Visual Studio Solution File, Format Version 12.00
# Visual Studio Version 17
VisualStudioVersion = 17.12.35527.113
MinimumVisualStudioVersion = 10.0.40219.1
Project("{FAE04EC0-301F-11D3-BF4B-00C04F79EFBC}") = "Hosted.Windows", "Hosted.Windows\Hosted.Windows.csproj", "{2EF3636C-FA22-405C-AF02-5829EA13C028}"
EndProject
Project("{FAE04EC0-301F-11D3-BF4B-00C04F79EFBC}") = "Handlers.Abstractions", "Handlers.Abstractions\Handlers.Abstractions.csproj", "{240E811C-C44D-4703-96D5-A71A0A1DA876}"
EndProject
Project("{FAE04EC0-301F-11D3-BF4B-00C04F79EFBC}") = "Handlers", "Handlers\Handlers.csproj", "{845049CD-444A-4650-BD9E-BCF663BE6C2B}"
EndProject
Project("{FAE04EC0-301F-11D3-BF4B-00C04F79EFBC}") = "Handlers.Abstractions.Media", "Handlers.Abstractions.Media\Handlers.Abstractions.Media.csproj", "{E413C114-8FDF-4FF1-9E16-CDA837FF085E}"
EndProject
Project("{FAE04EC0-301F-11D3-BF4B-00C04F79EFBC}") = "Handlers.Abstractions.UserInputInfo", "Handlers.Abstractions.UserInputInfo\Handlers.Abstractions.UserInputInfo.csproj", "{DCCEC106-A267-4568-AC9F-7DB786D91E3C}"
EndProject
Project("{FAE04EC0-301F-11D3-BF4B-00C04F79EFBC}") = "Handlers.Config", "Handlers.Config\Handlers.Config.csproj", "{F8754F2F-5D2C-4E1C-B9D6-2E4E6597EAB9}"
EndProject
Project("{FAE04EC0-301F-11D3-BF4B-00C04F79EFBC}") = "Handlers.Json", "Handlers.Json\Handlers.Json.csproj", "{4E59F2B0-6ECE-42CF-BA41-B6D99F0CBEB3}"
EndProject
Project("{FAE04EC0-301F-11D3-BF4B-00C04F79EFBC}") = "Hosted.Worker", "Hosted.Worker\Hosted.Worker.csproj", "{C8CF597D-40FD-492A-B70E-A3D5F3FCE7EF}"
EndProject
Project("{FAE04EC0-301F-11D3-BF4B-00C04F79EFBC}") = "CoreOSC", "..\..\Projects\CoreOsc\CoreOSC\CoreOSC.csproj", "{EF4240BD-949B-48E5-AF84-2700EFD93176}"
EndProject
Project("{FAE04EC0-301F-11D3-BF4B-00C04F79EFBC}") = "Handlers.Box", "Handlers.Box\Handlers.Box.csproj", "{14B86EAA-5E6C-4985-89D9-6373ACE684D4}"
EndProject
Project("{FAE04EC0-301F-11D3-BF4B-00C04F79EFBC}") = "Handlers.Osc", "Handlers.Osc\Handlers.Osc.csproj", "{7CF4E61F-1B2C-43CD-BD33-26F4140D6A63}"
EndProject
Project("{FAE04EC0-301F-11D3-BF4B-00C04F79EFBC}") = "Handlers.PatternCollections", "Handlers.PatternCollections\Handlers.PatternCollections.csproj", "{9E6D2ADE-E3F5-4332-9C41-3D77FA671D34}"
EndProject
Project("{FAE04EC0-301F-11D3-BF4B-00C04F79EFBC}") = "Hosted.Worker.Windows", "Hosted.Worker.Windows\Hosted.Worker.Windows.csproj", "{45A5BBD4-6F94-4FA0-921E-C25F8E97845F}"
EndProject
Project("{FAE04EC0-301F-11D3-BF4B-00C04F79EFBC}") = "Handlers.Media.Windows", "Handlers.Media.Windows\Handlers.Media.Windows.csproj", "{3DA145EC-734C-4A3D-8E3F-767DC932635D}"
EndProject
Project("{FAE04EC0-301F-11D3-BF4B-00C04F79EFBC}") = "Handlers.UserInputInfo.Windows", "Handlers.UserInputInfo.Windows\Handlers.UserInputInfo.Windows.csproj", "{46F11060-8D65-40D6-A54C-D7FC76B061ED}"
EndProject
Global
	GlobalSection(SolutionConfigurationPlatforms) = preSolution
		Debug|Any CPU = Debug|Any CPU
		Release|Any CPU = Release|Any CPU
	EndGlobalSection
	GlobalSection(ProjectConfigurationPlatforms) = postSolution
		{2EF3636C-FA22-405C-AF02-5829EA13C028}.Debug|Any CPU.ActiveCfg = Debug|Any CPU
		{2EF3636C-FA22-405C-AF02-5829EA13C028}.Debug|Any CPU.Build.0 = Debug|Any CPU
		{2EF3636C-FA22-405C-AF02-5829EA13C028}.Release|Any CPU.ActiveCfg = Release|Any CPU
		{2EF3636C-FA22-405C-AF02-5829EA13C028}.Release|Any CPU.Build.0 = Release|Any CPU
		{240E811C-C44D-4703-96D5-A71A0A1DA876}.Debug|Any CPU.ActiveCfg = Debug|Any CPU
		{240E811C-C44D-4703-96D5-A71A0A1DA876}.Debug|Any CPU.Build.0 = Debug|Any CPU
		{240E811C-C44D-4703-96D5-A71A0A1DA876}.Release|Any CPU.ActiveCfg = Release|Any CPU
		{240E811C-C44D-4703-96D5-A71A0A1DA876}.Release|Any CPU.Build.0 = Release|Any CPU
		{845049CD-444A-4650-BD9E-BCF663BE6C2B}.Debug|Any CPU.ActiveCfg = Debug|Any CPU
		{845049CD-444A-4650-BD9E-BCF663BE6C2B}.Debug|Any CPU.Build.0 = Debug|Any CPU
		{845049CD-444A-4650-BD9E-BCF663BE6C2B}.Release|Any CPU.ActiveCfg = Release|Any CPU
		{845049CD-444A-4650-BD9E-BCF663BE6C2B}.Release|Any CPU.Build.0 = Release|Any CPU
		{E413C114-8FDF-4FF1-9E16-CDA837FF085E}.Debug|Any CPU.ActiveCfg = Debug|Any CPU
		{E413C114-8FDF-4FF1-9E16-CDA837FF085E}.Debug|Any CPU.Build.0 = Debug|Any CPU
		{E413C114-8FDF-4FF1-9E16-CDA837FF085E}.Release|Any CPU.ActiveCfg = Release|Any CPU
		{E413C114-8FDF-4FF1-9E16-CDA837FF085E}.Release|Any CPU.Build.0 = Release|Any CPU
		{DCCEC106-A267-4568-AC9F-7DB786D91E3C}.Debug|Any CPU.ActiveCfg = Debug|Any CPU
		{DCCEC106-A267-4568-AC9F-7DB786D91E3C}.Debug|Any CPU.Build.0 = Debug|Any CPU
		{DCCEC106-A267-4568-AC9F-7DB786D91E3C}.Release|Any CPU.ActiveCfg = Release|Any CPU
		{DCCEC106-A267-4568-AC9F-7DB786D91E3C}.Release|Any CPU.Build.0 = Release|Any CPU
		{F8754F2F-5D2C-4E1C-B9D6-2E4E6597EAB9}.Debug|Any CPU.ActiveCfg = Debug|Any CPU
		{F8754F2F-5D2C-4E1C-B9D6-2E4E6597EAB9}.Debug|Any CPU.Build.0 = Debug|Any CPU
		{F8754F2F-5D2C-4E1C-B9D6-2E4E6597EAB9}.Release|Any CPU.ActiveCfg = Release|Any CPU
		{F8754F2F-5D2C-4E1C-B9D6-2E4E6597EAB9}.Release|Any CPU.Build.0 = Release|Any CPU
		{4E59F2B0-6ECE-42CF-BA41-B6D99F0CBEB3}.Debug|Any CPU.ActiveCfg = Debug|Any CPU
		{4E59F2B0-6ECE-42CF-BA41-B6D99F0CBEB3}.Debug|Any CPU.Build.0 = Debug|Any CPU
		{4E59F2B0-6ECE-42CF-BA41-B6D99F0CBEB3}.Release|Any CPU.ActiveCfg = Release|Any CPU
		{4E59F2B0-6ECE-42CF-BA41-B6D99F0CBEB3}.Release|Any CPU.Build.0 = Release|Any CPU
		{C8CF597D-40FD-492A-B70E-A3D5F3FCE7EF}.Debug|Any CPU.ActiveCfg = Debug|Any CPU
		{C8CF597D-40FD-492A-B70E-A3D5F3FCE7EF}.Debug|Any CPU.Build.0 = Debug|Any CPU
		{C8CF597D-40FD-492A-B70E-A3D5F3FCE7EF}.Release|Any CPU.ActiveCfg = Release|Any CPU
		{C8CF597D-40FD-492A-B70E-A3D5F3FCE7EF}.Release|Any CPU.Build.0 = Release|Any CPU
		{EF4240BD-949B-48E5-AF84-2700EFD93176}.Debug|Any CPU.ActiveCfg = Debug|Any CPU
		{EF4240BD-949B-48E5-AF84-2700EFD93176}.Debug|Any CPU.Build.0 = Debug|Any CPU
		{EF4240BD-949B-48E5-AF84-2700EFD93176}.Release|Any CPU.ActiveCfg = Release|Any CPU
		{EF4240BD-949B-48E5-AF84-2700EFD93176}.Release|Any CPU.Build.0 = Release|Any CPU
		{14B86EAA-5E6C-4985-89D9-6373ACE684D4}.Debug|Any CPU.ActiveCfg = Debug|Any CPU
		{14B86EAA-5E6C-4985-89D9-6373ACE684D4}.Debug|Any CPU.Build.0 = Debug|Any CPU
		{14B86EAA-5E6C-4985-89D9-6373ACE684D4}.Release|Any CPU.ActiveCfg = Release|Any CPU
		{14B86EAA-5E6C-4985-89D9-6373ACE684D4}.Release|Any CPU.Build.0 = Release|Any CPU
		{7CF4E61F-1B2C-43CD-BD33-26F4140D6A63}.Debug|Any CPU.ActiveCfg = Debug|Any CPU
		{7CF4E61F-1B2C-43CD-BD33-26F4140D6A63}.Debug|Any CPU.Build.0 = Debug|Any CPU
		{7CF4E61F-1B2C-43CD-BD33-26F4140D6A63}.Release|Any CPU.ActiveCfg = Release|Any CPU
		{7CF4E61F-1B2C-43CD-BD33-26F4140D6A63}.Release|Any CPU.Build.0 = Release|Any CPU
		{9E6D2ADE-E3F5-4332-9C41-3D77FA671D34}.Debug|Any CPU.ActiveCfg = Debug|Any CPU
		{9E6D2ADE-E3F5-4332-9C41-3D77FA671D34}.Debug|Any CPU.Build.0 = Debug|Any CPU
		{9E6D2ADE-E3F5-4332-9C41-3D77FA671D34}.Release|Any CPU.ActiveCfg = Release|Any CPU
		{9E6D2ADE-E3F5-4332-9C41-3D77FA671D34}.Release|Any CPU.Build.0 = Release|Any CPU
		{45A5BBD4-6F94-4FA0-921E-C25F8E97845F}.Debug|Any CPU.ActiveCfg = Debug|Any CPU
		{45A5BBD4-6F94-4FA0-921E-C25F8E97845F}.Debug|Any CPU.Build.0 = Debug|Any CPU
		{45A5BBD4-6F94-4FA0-921E-C25F8E97845F}.Release|Any CPU.ActiveCfg = Release|Any CPU
		{45A5BBD4-6F94-4FA0-921E-C25F8E97845F}.Release|Any CPU.Build.0 = Release|Any CPU
		{3DA145EC-734C-4A3D-8E3F-767DC932635D}.Debug|Any CPU.ActiveCfg = Debug|Any CPU
		{3DA145EC-734C-4A3D-8E3F-767DC932635D}.Debug|Any CPU.Build.0 = Debug|Any CPU
		{3DA145EC-734C-4A3D-8E3F-767DC932635D}.Release|Any CPU.ActiveCfg = Release|Any CPU
		{3DA145EC-734C-4A3D-8E3F-767DC932635D}.Release|Any CPU.Build.0 = Release|Any CPU
		{46F11060-8D65-40D6-A54C-D7FC76B061ED}.Debug|Any CPU.ActiveCfg = Debug|Any CPU
		{46F11060-8D65-40D6-A54C-D7FC76B061ED}.Debug|Any CPU.Build.0 = Debug|Any CPU
		{46F11060-8D65-40D6-A54C-D7FC76B061ED}.Release|Any CPU.ActiveCfg = Release|Any CPU
		{46F11060-8D65-40D6-A54C-D7FC76B061ED}.Release|Any CPU.Build.0 = Release|Any CPU
	EndGlobalSection
	GlobalSection(SolutionProperties) = preSolution
		HideSolutionNode = FALSE
	EndGlobalSection
EndGlobal
